dependencies:
- name: gateway-api-standard-crds
  repository: file://./charts/gateway-api-standard-crds
  version: 1.6.2
- name: gateway-api-experimental-crds
  repository: file://./charts/gateway-api-experimental-crds
  version: 1.6.2
digest: sha256:f5d8045c08ce5cca0fab5b044e950fbf2b8c65456185d54e933cfe67515cba76
generated: "2026-09-16T22:24:04.321386284+02:00"
